// !$*UTF8*$!
{
	archiveVersion = 1;
	classes = {
	};
	objectVersion = 50;
	objects = {

/* Begin PBXBuildFile section */
		F784B08622B873220040AF8A /* AppDelegate.m in Sources */ = {isa = PBXBuildFile; fileRef = F784B08522B873220040AF8A /* AppDelegate.m */; };
		F784B08922B873220040AF8A /* ViewController.m in Sources */ = {isa = PBXBuildFile; fileRef = F784B08822B873220040AF8A /* ViewController.m */; };
		F784B08C22B873220040AF8A /* Main.storyboard in Resources */ = {isa = PBXBuildFile; fileRef = F784B08A22B873220040AF8A /* Main.storyboard */; };
		F784B08E22B873230040AF8A /* Assets.xcassets in Resources */ = {isa = PBXBuildFile; fileRef = F784B08D22B873230040AF8A /* Assets.xcassets */; };
		F784B09122B873230040AF8A /* LaunchScreen.storyboard in Resources */ = {isa = PBXBuildFile; fileRef = F784B08F22B873230040AF8A /* LaunchScreen.storyboard */; };
		F784B09422B873230040AF8A /* main.m in Sources */ = {isa = PBXBuildFile; fileRef = F784B09322B873230040AF8A /* main.m */; };
		F784B09C22B873BC0040AF8A /* StarView.m in Sources */ = {isa = PBXBuildFile; fileRef = F784B09B22B873BC0040AF8A /* StarView.m */; };
/* End PBXBuildFile section */

/* Begin PBXFileReference section */
		F784B08122B873220040AF8A /* DrawStar-OC.app */ = {isa = PBXFileReference; explicitFileType = wrapper.application; includeInIndex = 0; path = "DrawStar-OC.app"; sourceTree = BUILT_PRODUCTS_DIR; };
		F784B08422B873220040AF8A /* AppDelegate.h */ = {isa = PBXFileReference; lastKnownFileType = sourcecode.c.h; path = AppDelegate.h; sourceTree = "<group>"; };
		F784B08522B873220040AF8A /* AppDelegate.m */ = {isa = PBXFileReference; lastKnownFileType = sourcecode.c.objc; path = AppDelegate.m; sourceTree = "<group>"; };
		F784B08722B873220040AF8A /* ViewController.h */ = {isa = PBXFileReference; lastKnownFileType = sourcecode.c.h; path = ViewController.h; sourceTree = "<group>"; };
		F784B08822B873220040AF8A /* ViewController.m */ = {isa = PBXFileReference; lastKnownFileType = sourcecode.c.objc; path = ViewController.m; sourceTree = "<group>"; };
		F784B08B22B873220040AF8A /* Base */ = {isa = PBXFileReference; lastKnownFileType = file.storyboard; name = Base; path = Base.lproj/Main.storyboard; sourceTree = "<group>"; };
		F784B08D22B873230040AF8A /* Assets.xcassets */ = {isa = PBXFileReference; lastKnownFileType = folder.assetcatalog; path = Assets.xcassets; sourceTree = "<group>"; };
		F784B09022B873230040AF8A /* Base */ = {isa = PBXFileReference; lastKnownFileType = file.storyboard; name = Base; path = Base.lproj/LaunchScreen.storyboard; sourceTree = "<group>"; };
		F784B09222B873230040AF8A /* Info.plist */ = {isa = PBXFileReference; lastKnownFileType = text.plist.xml; path = Info.plist; sourceTree = "<group>"; };
		F784B09322B873230040AF8A /* main.m */ = {isa = PBXFileReference; lastKnownFileType = sourcecode.c.objc; path = main.m; sourceTree = "<group>"; };
		F784B09A22B873BC0040AF8A /* StarView.h */ = {isa = PBXFileReference; lastKnownFileType = sourcecode.c.h; path = StarView.h; sourceTree = "<group>"; };
		F784B09B22B873BC0040AF8A /* StarView.m */ = {isa = PBXFileReference; lastKnownFileType = sourcecode.c.objc; path = StarView.m; sourceTree = "<group>"; };
/* End PBXFileReference section */

/* Begin PBXFrameworksBuildPhase section */
		F784B07E22B873220040AF8A /* Frameworks */ = {
			isa = PBXFrameworksBuildPhase;
			buildActionMask = 2147483647;
			files = (
			);
			runOnlyForDeploymentPostprocessing = 0;
		};
/* End PBXFrameworksBuildPhase section */

/* Begin PBXGroup section */
		F784B07822B873220040AF8A = {
			isa = PBXGroup;
			children = (
				F784B08322B873220040AF8A /* DrawStar-OC */,
				F784B08222B873220040AF8A /* Products */,
			);
			sourceTree = "<group>";
		};
		F784B08222B873220040AF8A /* Products */ = {
			isa = PBXGroup;
			children = (
				F784B08122B873220040AF8A /* DrawStar-OC.app */,
			);
			name = Products;
			sourceTree = "<group>";
		};
		F784B08322B873220040AF8A /* DrawStar-OC */ = {
			isa = PBXGroup;
			children = (
				F784B08422B873220040AF8A /* AppDelegate.h */,
				F784B08522B873220040AF8A /* AppDelegate.m */,
				F784B08722B873220040AF8A /* ViewController.h */,
				F784B08822B873220040AF8A /* ViewController.m */,
				F784B09A22B873BC0040AF8A /* StarView.h */,
				F784B09B22B873BC0040AF8A /* StarView.m */,
				F784B08A22B873220040AF8A /* Main.storyboard */,
				F784B08D22B873230040AF8A /* Assets.xcassets */,
				F784B08F22B873230040AF8A /* LaunchScreen.storyboard */,
				F784B09222B873230040AF8A /* Info.plist */,
				F784B09322B873230040AF8A /* main.m */,
			);
			path = "DrawStar-OC";
			sourceTree = "<group>";
		};
/* End PBXGroup section */

/* Begin PBXNativeTarget section */
		F784B08022B873220040AF8A /* DrawStar-OC */ = {
			isa = PBXNativeTarget;
			buildConfigurationList = F784B09722B873230040AF8A /* Build configuration list for PBXNativeTarget "DrawStar-OC" */;
			buildPhases = (
				F784B07D22B873220040AF8A /* Sources */,
				F784B07E22B873220040AF8A /* Frameworks */,
				F784B07F22B873220040AF8A /* Resources */,
			);
			buildRules = (
			);
			dependencies = (
			);
			name = "DrawStar-OC";
			productName = "DrawStar-OC";
			productReference = F784B08122B873220040AF8A /* DrawStar-OC.app */;
			productType = "com.apple.product-type.application";
		};
/* End PBXNativeTarget section */

/* Begin PBXProject section */
		F784B07922B873220040AF8A /* Project object */ = {
			isa = PBXProject;
			attributes = {
				LastUpgradeCheck = 1020;
				ORGANIZATIONNAME = "嘴爷";
				TargetAttributes = {
					F784B08022B873220040AF8A = {
						CreatedOnToolsVersion = 10.2.1;
					};
				};
			};
			buildConfigurationList = F784B07C22B873220040AF8A /* Build configuration list for PBXProject "DrawStar-OC" */;
			compatibilityVersion = "Xcode 9.3";
			developmentRegion = en;
			hasScannedForEncodings = 0;
			knownRegions = (
				en,
				Base,
			);
			mainGroup = F784B07822B873220040AF8A;
			productRefGroup = F784B08222B873220040AF8A /* Products */;
			projectDirPath = "";
			projectRoot = "";
			targets = (
				F784B08022B873220040AF8A /* DrawStar-OC */,
			);
		};
/* End PBXProject section */

/* Begin PBXResourcesBuildPhase section */
		F784B07F22B873220040AF8A /* Resources */ = {
			isa = PBXResourcesBuildPhase;
			buildActionMask = 2147483647;
			files = (
				F784B09122B873230040AF8A /* LaunchScreen.storyboard in Resources */,
				F784B08E22B873230040AF8A /* Assets.xcassets in Resources */,
				F784B08C22B873220040AF8A /* Main.storyboard in Resources */,
			);
			runOnlyForDeploymentPostprocessing = 0;
		};
/* End PBXResourcesBuildPhase section */

/* Begin PBXSourcesBuildPhase section */
		F784B07D22B873220040AF8A /* Sources */ = {
			isa = PBXSourcesBuildPhase;
			buildActionMask = 2147483647;
			files = (
				F784B08922B873220040AF8A /* ViewController.m in Sources */,
				F784B09422B873230040AF8A /* main.m in Sources */,
				F784B09C22B873BC0040AF8A /* StarView.m in Sources */,
				F784B08622B873220040AF8A /* AppDelegate.m in Sources */,
			);
			runOnlyForDeploymentPostprocessing = 0;
		};
/* End PBXSourcesBuildPhase section */

/* Begin PBXVariantGroup section */
		F784B08A22B873220040AF8A /* Main.storyboard */ = {
			isa = PBXVariantGroup;
			children = (
				F784B08B22B873220040AF8A /* Base */,
			);
			name = Main.storyboard;
			sourceTree = "<group>";
		};
		F784B08F22B873230040AF8A /* LaunchScreen.storyboard */ = {
			isa = PBXVariantGroup;
			children = (
				F784B09022B873230040AF8A /* Base */,
			);
			name = LaunchScreen.storyboard;
			sourceTree = "<group>";
		};
/* End PBXVariantGroup section */

/* Begin XCBuildConfiguration section */
		F784B09522B873230040AF8A /* Debug */ = {
			isa = XCBuildConfiguration;
			buildSettings = {
				ALWAYS_SEARCH_USER_PATHS = NO;
				CLANG_ANALYZER_NONNULL = YES;
				CLANG_ANALYZER_NUMBER_OBJECT_CONVERSION = YES_AGGRESSIVE;
				CLANG_CXX_LANGUAGE_STANDARD = "gnu++14";
				CLANG_CXX_LIBRARY = "libc++";
				CLANG_ENABLE_MODULES = YES;
				CLANG_ENABLE_OBJC_ARC = YES;
				CLANG_ENABLE_OBJC_WEAK = YES;
				CLANG_WARN_BLOCK_CAPTURE_AUTORELEASING = YES;
				CLANG_WARN_BOOL_CONVERSION = YES;
				CLANG_WARN_COMMA = YES;
				CLANG_WARN_CONSTANT_CONVERSION = YES;
				CLANG_WARN_DEPRECATED_OBJC_IMPLEMENTATIONS = YES;
				CLANG_WARN_DIRECT_OBJC_ISA_USAGE = YES_ERROR;
				CLANG_WARN_DOCUMENTATION_COMMENTS = YES;
				CLANG_WARN_EMPTY_BODY = YES;
				CLANG_WARN_ENUM_CONVERSION = YES;
				CLANG_WARN_INFINITE_RECURSION = YES;
				CLANG_WARN_INT_CONVERSION = YES;
				CLANG_WARN_NON_LITERAL_NULL_CONVERSION = YES;
				CLANG_WARN_OBJC_IMPLICIT_RETAIN_SELF = YES;
				CLANG_WARN_OBJC_LITERAL_CONVERSION = YES;
				CLANG_WARN_OBJC_ROOT_CLASS = YES_ERROR;
				CLANG_WARN_RANGE_LOOP_ANALYSIS = YES;
				CLANG_WARN_STRICT_PROTOTYPES = YES;
				CLANG_WARN_SUSPICIOUS_MOVE = YES;
				CLANG_WARN_UNGUARDED_AVAILABILITY = YES_AGGRESSIVE;
				CLANG_WARN_UNREACHABLE_CODE = YES;
				CLANG_WARN__DUPLICATE_METHOD_MATCH = YES;
				CODE_SIGN_IDENTITY = "iPhone Developer";
				COPY_PHASE_STRIP = NO;
				DEBUG_INFORMATION_FORMAT = dwarf;
				ENABLE_STRICT_OBJC_MSGSEND = YES;
				ENABLE_TESTABILITY = YES;
				GCC_C_LANGUAGE_STANDARD = gnu11;
				GCC_DYNAMIC_NO_PIC = NO;
				GCC_NO_COMMON_BLOCKS = YES;
				GCC_OPTIMIZATION_LEVEL = 0;
				GCC_PREPROCESSOR_DEFINITIONS = (
					"DEBUG=1",
					"$(inherited)",
				);
				GCC_WARN_64_TO_32_BIT_CONVERSION = YES;
				GCC_WARN_ABOUT_RETURN_TYPE = YES_ERROR;
				GCC_WARN_UNDECLARED_SELECTOR = YES;
				GCC_WARN_UNINITIALIZED_AUTOS = YES_AGGRESSIVE;
				GCC_WARN_UNUSED_FUNCTION = YES;
				GCC_WARN_UNUSED_VARIABLE = YES;
				IPHONEOS_DEPLOYMENT_TARGET = 12.2;
				MTL_ENABLE_DEBUG_INFO = INCLUDE_SOURCE;
				MTL_FAST_MATH = YES;
				ONLY_ACTIVE_ARCH = YES;
				SDKROOT = iphoneos;
			};
			name = Debug;
		};
		F784B09622B873230040AF8A /* Release */ = {
			isa = XCBuildConfiguration;
			buildSettings = {
				ALWAYS_SEARCH_USER_PATHS = NO;
				CLANG_ANALYZER_NONNULL = YES;
				CLANG_ANALYZER_NUMBER_OBJECT_CONVERSION = YES_AGGRESSIVE;
				CLANG_CXX_LANGUAGE_STANDARD = "gnu++14";
				CLANG_CXX_LIBRARY = "libc++";
				CLANG_ENABLE_MODULES = YES;
				CLANG_ENABLE_OBJC_ARC = YES;
				CLANG_ENABLE_OBJC_WEAK = YES;
				CLANG_WARN_BLOCK_CAPTURE_AUTORELEASING = YES;
				CLANG_WARN_BOOL_CONVERSION = YES;
				CLANG_WARN_COMMA = YES;
				CLANG_WARN_CONSTANT_CONVERSION = YES;
				CLANG_WARN_DEPRECATED_OBJC_IMPLEMENTATIONS = YES;
				CLANG_WARN_DIRECT_OBJC_ISA_USAGE = YES_ERROR;
				CLANG_WARN_DOCUMENTATION_COMMENTS = YES;
				CLANG_WARN_EMPTY_BODY = YES;
				CLANG_WARN_ENUM_CONVERSION = YES;
				CLANG_WARN_INFINITE_RECURSION = YES;
				CLANG_WARN_INT_CONVERSION = YES;
				CLANG_WARN_NON_LITERAL_NULL_CONVERSION = YES;
				CLANG_WARN_OBJC_IMPLICIT_RETAIN_SELF = YES;
				CLANG_WARN_OBJC_LITERAL_CONVERSION = YES;
				CLANG_WARN_OBJC_ROOT_CLASS = YES_ERROR;
				CLANG_WARN_RANGE_LOOP_ANALYSIS = YES;
				CLANG_WARN_STRICT_PROTOTYPES = YES;
				CLANG_WARN_SUSPICIOUS_MOVE = YES;
				CLANG_WARN_UNGUARDED_AVAILABILITY = YES_AGGRESSIVE;
				CLANG_WARN_UNREACHABLE_CODE = YES;
				CLANG_WARN__DUPLICATE_METHOD_MATCH = YES;
				CODE_SIGN_IDENTITY = "iPhone Developer";
				COPY_PHASE_STRIP = NO;
				DEBUG_INFORMATION_FORMAT = "dwarf-with-dsym";
				ENABLE_NS_ASSERTIONS = NO;
				ENABLE_STRICT_OBJC_MSGSEND = YES;
				GCC_C_LANGUAGE_STANDARD = gnu11;
				GCC_NO_COMMON_BLOCKS = YES;
				GCC_WARN_64_TO_32_BIT_CONVERSION = YES;
				GCC_WARN_ABOUT_RETURN_TYPE = YES_ERROR;
				GCC_WARN_UNDECLARED_SELECTOR = YES;
				GCC_WARN_UNINITIALIZED_AUTOS = YES_AGGRESSIVE;
				GCC_WARN_UNUSED_FUNCTION = YES;
				GCC_WARN_UNUSED_VARIABLE = YES;
				IPHONEOS_DEPLOYMENT_TARGET = 12.2;
				MTL_ENABLE_DEBUG_INFO = NO;
				MTL_FAST_MATH = YES;
				SDKROOT = iphoneos;
				VALIDATE_PRODUCT = YES;
			};
			name = Release;
		};
		F784B09822B873230040AF8A /* Debug */ = {
			isa = XCBuildConfiguration;
			buildSettings = {
				ASSETCATALOG_COMPILER_APPICON_NAME = AppIcon;
				CODE_SIGN_STYLE = Automatic;
				INFOPLIST_FILE = "DrawStar-OC/Info.plist";
				LD_RUNPATH_SEARCH_PATHS = (
					"$(inherited)",
					"@executable_path/Frameworks",
				);
				PRODUCT_BUNDLE_IDENTIFIER = "com.zuiye.www.DrawStar-OC";
				PRODUCT_NAME = "$(TARGET_NAME)";
				TARGETED_DEVICE_FAMILY = "1,2";
			};
			name = Debug;
		};
		F784B09922B873230040AF8A /* Release */ = {
			isa = XCBuildConfiguration;
			buildSettings = {
				ASSETCATALOG_COMPILER_APPICON_NAME = AppIcon;
				CODE_SIGN_STYLE = Automatic;
				INFOPLIST_FILE = "DrawStar-OC/Info.plist";
				LD_RUNPATH_SEARCH_PATHS = (
					"$(inherited)",
					"@executable_path/Frameworks",
				);
				PRODUCT_BUNDLE_IDENTIFIER = "com.zuiye.www.DrawStar-OC";
				PRODUCT_NAME = "$(TARGET_NAME)";
				TARGETED_DEVICE_FAMILY = "1,2";
			};
			name = Release;
		};
/* End XCBuildConfiguration section */

/* Begin XCConfigurationList section */
		F784B07C22B873220040AF8A /* Build configuration list for PBXProject "DrawStar-OC" */ = {
			isa = XCConfigurationList;
			buildConfigurations = (
				F784B09522B873230040AF8A /* Debug */,
				F784B09622B873230040AF8A /* Release */,
			);
			defaultConfigurationIsVisible = 0;
			defaultConfigurationName = Release;
		};
		F784B09722B873230040AF8A /* Build configuration list for PBXNativeTarget "DrawStar-OC" */ = {
			isa = XCConfigurationList;
			buildConfigurations = (
				F784B09822B873230040AF8A /* Debug */,
				F784B09922B873230040AF8A /* Release */,
			);
			defaultConfigurationIsVisible = 0;
			defaultConfigurationName = Release;
		};
/* End XCConfigurationList section */
	};
	rootObject = F784B07922B873220040AF8A /* Project object */;
}
